
Microsoft Visual Studio Solution File, Format Version 12.00
# Visual Studio Version 16
VisualStudioVersion = 16.0.29020.237
MinimumVisualStudioVersion = 10.0.40219.1
Project("{D954291E-2A0B-460D-934E-DC6B0785DB48}") = "SharedProject", "SharedProject\SharedProject.shproj", "{3380F5C3-743C-4ACD-8EB8-43EBECF319A4}"
EndProject
Project("{FAE04EC0-301F-11D3-BF4B-00C04F79EFBC}") = "UnitTestSharedProject", "UnitTestSharedProject\UnitTestSharedProject.csproj", "{81D413A6-295E-4B8F-B893-9364F50EEDEA}"
EndProject
Global
	GlobalSection(SharedMSBuildProjectFiles) = preSolution
		SharedProject\SharedProject.projitems*{3380f5c3-743c-4acd-8eb8-43ebecf319a4}*SharedItemsImports = 13
	EndGlobalSection
	GlobalSection(SolutionConfigurationPlatforms) = preSolution
		Debug|Any CPU = Debug|Any CPU
		Release|Any CPU = Release|Any CPU
	EndGlobalSection
	GlobalSection(ProjectConfigurationPlatforms) = postSolution
		{81D413A6-295E-4B8F-B893-9364F50EEDEA}.Debug|Any CPU.ActiveCfg = Debug|Any CPU
		{81D413A6-295E-4B8F-B893-9364F50EEDEA}.Debug|Any CPU.Build.0 = Debug|Any CPU
		{81D413A6-295E-4B8F-B893-9364F50EEDEA}.Release|Any CPU.ActiveCfg = Release|Any CPU
		{81D413A6-295E-4B8F-B893-9364F50EEDEA}.Release|Any CPU.Build.0 = Release|Any CPU
	EndGlobalSection
	GlobalSection(SolutionProperties) = preSolution
		HideSolutionNode = FALSE
	EndGlobalSection
	GlobalSection(ExtensibilityGlobals) = postSolution
		SolutionGuid = {3575E1E6-2E61-42B9-8279-1B83EA41E279}
	EndGlobalSection
EndGlobal
